
Microsoft Visual Studio Solution File, Format Version 12.00
# Visual Studio 14
VisualStudioVersion = 14.0.25420.1
MinimumVisualStudioVersion = 10.0.40219.1
Project("{FAE04EC0-301F-11D3-BF4B-00C04F79EFBC}") = "CustomListClass", "CustomListClass.csproj", "{33AEB872-59FD-4D03-8B50-1F26F5582706}"
EndProject
Project("{F088123C-0E9E-452A-89E6-6BA2F21D5CAC}") = "CustomList", "..\CustomList\CustomList.modelproj", "{FFF5DEE2-32A4-4207-BF47-72B517CD1377}"
EndProject
Project("{FAE04EC0-301F-11D3-BF4B-00C04F79EFBC}") = "CustomListTest", "CustomListTest\CustomListTest.csproj", "{0108E092-5B4E-46B8-83FA-27C603D53B10}"
EndProject
Global
	GlobalSection(SolutionConfigurationPlatforms) = preSolution
		Debug|Any CPU = Debug|Any CPU
		Release|Any CPU = Release|Any CPU
	EndGlobalSection
	GlobalSection(ProjectConfigurationPlatforms) = postSolution
		{33AEB872-59FD-4D03-8B50-1F26F5582706}.Debug|Any CPU.ActiveCfg = Debug|Any CPU
		{33AEB872-59FD-4D03-8B50-1F26F5582706}.Debug|Any CPU.Build.0 = Debug|Any CPU
		{33AEB872-59FD-4D03-8B50-1F26F5582706}.Release|Any CPU.ActiveCfg = Release|Any CPU
		{33AEB872-59FD-4D03-8B50-1F26F5582706}.Release|Any CPU.Build.0 = Release|Any CPU
		{FFF5DEE2-32A4-4207-BF47-72B517CD1377}.Debug|Any CPU.ActiveCfg = Debug|Any CPU
		{FFF5DEE2-32A4-4207-BF47-72B517CD1377}.Debug|Any CPU.Build.0 = Debug|Any CPU
		{FFF5DEE2-32A4-4207-BF47-72B517CD1377}.Release|Any CPU.ActiveCfg = Release|Any CPU
		{FFF5DEE2-32A4-4207-BF47-72B517CD1377}.Release|Any CPU.Build.0 = Release|Any CPU
		{0108E092-5B4E-46B8-83FA-27C603D53B10}.Debug|Any CPU.ActiveCfg = Debug|Any CPU
		{0108E092-5B4E-46B8-83FA-27C603D53B10}.Debug|Any CPU.Build.0 = Debug|Any CPU
		{0108E092-5B4E-46B8-83FA-27C603D53B10}.Release|Any CPU.ActiveCfg = Release|Any CPU
		{0108E092-5B4E-46B8-83FA-27C603D53B10}.Release|Any CPU.Build.0 = Release|Any CPU
	EndGlobalSection
	GlobalSection(SolutionProperties) = preSolution
		HideSolutionNode = FALSE
	EndGlobalSection
EndGlobal
